{
	"name": "@eminemjs/core",
	"version": "0.10.0",
	"lockfileVersion": 1,
	"requires": true,
	"dependencies": {
		"@types/json-schema": {
			"version": "7.0.5",
			"resolved": "https://registry.npm.taobao.org/@types/json-schema/download/@types/json-schema-7.0.5.tgz?cache=0&sync_timestamp=1596838729190&other_urls=https%3A%2F%2Fregistry.npm.taobao.org%2F%40types%2Fjson-schema%2Fdownload%2F%40types%2Fjson-schema-7.0.5.tgz",
			"integrity": "sha1-3M5EMOZLRDuolF8CkPtWStW6xt0="
		},
		"ajv": {
			"version": "6.12.3",
			"resolved": "https://registry.npm.taobao.org/ajv/download/ajv-6.12.3.tgz?cache=0&sync_timestamp=1593876862902&other_urls=https%3A%2F%2Fregistry.npm.taobao.org%2Fajv%2Fdownload%2Fajv-6.12.3.tgz",
			"integrity": "sha1-GMWvOKER3etPJpe9eNaKvByr1wY=",
			"requires": {
				"fast-deep-equal": "^3.1.1",
				"fast-json-stable-stringify": "^2.0.0",
				"json-schema-traverse": "^0.4.1",
				"uri-js": "^4.2.2"
			}
		},
		"ajv-keywords": {
			"version": "3.5.2",
			"resolved": "https://registry.npm.taobao.org/ajv-keywords/download/ajv-keywords-3.5.2.tgz?cache=0&sync_timestamp=1595907059959&other_urls=https%3A%2F%2Fregistry.npm.taobao.org%2Fajv-keywords%2Fdownload%2Fajv-keywords-3.5.2.tgz",
			"integrity": "sha1-MfKdpatuANHC0yms97WSlhTVAU0="
		},
		"deepmerge": {
			"version": "1.5.2",
			"resolved": "https://registry.npm.taobao.org/deepmerge/download/deepmerge-1.5.2.tgz",
			"integrity": "sha1-EEmdhohEza1P7ghC34x/bwyVp1M="
		},
		"dotenv": {
			"version": "8.2.0",
			"resolved": "https://registry.npm.taobao.org/dotenv/download/dotenv-8.2.0.tgz",
			"integrity": "sha1-l+YZJZradQ7qPk6j4mvO6lQksWo="
		},
		"dotenv-expand": {
			"version": "5.1.0",
			"resolved": "https://registry.npm.taobao.org/dotenv-expand/download/dotenv-expand-5.1.0.tgz",
			"integrity": "sha1-P7rwIL/XlIhAcuomsel5HUWmKfA="
		},
		"fast-deep-equal": {
			"version": "3.1.3",
			"resolved": "https://registry.npm.taobao.org/fast-deep-equal/download/fast-deep-equal-3.1.3.tgz?cache=0&sync_timestamp=1591599604098&other_urls=https%3A%2F%2Fregistry.npm.taobao.org%2Ffast-deep-equal%2Fdownload%2Ffast-deep-equal-3.1.3.tgz",
			"integrity": "sha1-On1WtVnWy8PrUSMlJE5hmmXGxSU="
		},
		"fast-json-stable-stringify": {
			"version": "2.1.0",
			"resolved": "https://registry.npm.taobao.org/fast-json-stable-stringify/download/fast-json-stable-stringify-2.1.0.tgz?cache=0&sync_timestamp=1576367703577&other_urls=https%3A%2F%2Fregistry.npm.taobao.org%2Ffast-json-stable-stringify%2Fdownload%2Ffast-json-stable-stringify-2.1.0.tgz",
			"integrity": "sha1-h0v2nG9ATCtdmcSBNBOZ/VWJJjM="
		},
		"javascript-stringify": {
			"version": "2.0.1",
			"resolved": "https://registry.npm.taobao.org/javascript-stringify/download/javascript-stringify-2.0.1.tgz",
			"integrity": "sha1-bvNYA1MQ411mfGde1j0+t8GqGeU="
		},
		"json-schema-traverse": {
			"version": "0.4.1",
			"resolved": "https://registry.npm.taobao.org/json-schema-traverse/download/json-schema-traverse-0.4.1.tgz",
			"integrity": "sha1-afaofZUTq4u4/mO9sJecRI5oRmA="
		},
		"punycode": {
			"version": "2.1.1",
			"resolved": "https://registry.npm.taobao.org/punycode/download/punycode-2.1.1.tgz",
			"integrity": "sha1-tYsBCsQMIsVldhbI0sLALHv0eew="
		},
		"schema-utils": {
			"version": "2.7.0",
			"resolved": "https://registry.npm.taobao.org/schema-utils/download/schema-utils-2.7.0.tgz",
			"integrity": "sha1-FxUfdtjq5n+793lgwzxnatn078c=",
			"requires": {
				"@types/json-schema": "^7.0.4",
				"ajv": "^6.12.2",
				"ajv-keywords": "^3.4.1"
			}
		},
		"uri-js": {
			"version": "4.2.2",
			"resolved": "https://registry.npm.taobao.org/uri-js/download/uri-js-4.2.2.tgz",
			"integrity": "sha1-lMVA4f93KVbiKZUHwBCupsiDjrA=",
			"requires": {
				"punycode": "^2.1.0"
			}
		},
		"webpack-chain": {
			"version": "6.5.1",
			"resolved": "https://registry.npm.taobao.org/webpack-chain/download/webpack-chain-6.5.1.tgz?cache=0&sync_timestamp=1595813261846&other_urls=https%3A%2F%2Fregistry.npm.taobao.org%2Fwebpack-chain%2Fdownload%2Fwebpack-chain-6.5.1.tgz",
			"integrity": "sha1-TycoTLu2N+PI+970Pu9YjU2GEgY=",
			"requires": {
				"deepmerge": "^1.5.2",
				"javascript-stringify": "^2.0.1"
			}
		}
	}
}
