# THIS IS AN AUTOGENERATED FILE. DO NOT EDIT THIS FILE DIRECTLY.
# yarn lockfile v1


ajv-keywords@^3.4.1:
  version "3.4.1"
  resolved "https://registry.npm.taobao.org/ajv-keywords/download/ajv-keywords-3.4.1.tgz#ef916e271c64ac12171fd8384eaae6b2345854da"
  integrity sha1-75FuJxxkrBIXH9g4TqrmsjRYVNo=

ajv@^6.12.0:
  version "6.12.2"
  resolved "https://registry.npm.taobao.org/ajv/download/ajv-6.12.2.tgz?cache=0&sync_timestamp=1587338557173&other_urls=https%3A%2F%2Fregistry.npm.taobao.org%2Fajv%2Fdownload%2Fajv-6.12.2.tgz#c629c5eced17baf314437918d2da88c99d5958cd"
  integrity sha1-xinF7O0XuvMUQ3kY0tqIyZ1ZWM0=
  dependencies:
    fast-deep-equal "^3.1.1"
    fast-json-stable-stringify "^2.0.0"
    json-schema-traverse "^0.4.1"
    uri-js "^4.2.2"

deepmerge@^1.5.2:
  version "1.5.2"
  resolved "https://registry.npm.taobao.org/deepmerge/download/deepmerge-1.5.2.tgz#10499d868844cdad4fee0842df8c7f6f0c95a753"
  integrity sha1-EEmdhohEza1P7ghC34x/bwyVp1M=

dotenv-expand@^5.1.0:
  version "5.1.0"
  resolved "https://registry.npm.taobao.org/dotenv-expand/download/dotenv-expand-5.1.0.tgz#3fbaf020bfd794884072ea26b1e9791d45a629f0"
  integrity sha1-P7rwIL/XlIhAcuomsel5HUWmKfA=

dotenv@^8.2.0:
  version "8.2.0"
  resolved "https://registry.npm.taobao.org/dotenv/download/dotenv-8.2.0.tgz#97e619259ada750eea3e4ea3e26bceea5424b16a"
  integrity sha1-l+YZJZradQ7qPk6j4mvO6lQksWo=

fast-deep-equal@^3.1.1:
  version "3.1.1"
  resolved "https://registry.npm.taobao.org/fast-deep-equal/download/fast-deep-equal-3.1.1.tgz#545145077c501491e33b15ec408c294376e94ae4"
  integrity sha1-VFFFB3xQFJHjOxXsQIwpQ3bpSuQ=

fast-json-stable-stringify@^2.0.0:
  version "2.1.0"
  resolved "https://registry.npm.taobao.org/fast-json-stable-stringify/download/fast-json-stable-stringify-2.1.0.tgz#874bf69c6f404c2b5d99c481341399fd55892633"
  integrity sha1-h0v2nG9ATCtdmcSBNBOZ/VWJJjM=

javascript-stringify@^2.0.1:
  version "2.0.1"
  resolved "https://registry.npm.taobao.org/javascript-stringify/download/javascript-stringify-2.0.1.tgz#6ef358035310e35d667c675ed63d3eb7c1aa19e5"
  integrity sha1-bvNYA1MQ411mfGde1j0+t8GqGeU=

json-schema-traverse@^0.4.1:
  version "0.4.1"
  resolved "https://registry.npm.taobao.org/json-schema-traverse/download/json-schema-traverse-0.4.1.tgz#69f6a87d9513ab8bb8fe63bdb0979c448e684660"
  integrity sha1-afaofZUTq4u4/mO9sJecRI5oRmA=

punycode@^2.1.0:
  version "2.1.1"
  resolved "https://registry.npm.taobao.org/punycode/download/punycode-2.1.1.tgz#b58b010ac40c22c5657616c8d2c2c02c7bf479ec"
  integrity sha1-tYsBCsQMIsVldhbI0sLALHv0eew=

schema-utils@^2.6.6:
  version "2.6.6"
  resolved "https://registry.npm.taobao.org/schema-utils/download/schema-utils-2.6.6.tgz#299fe6bd4a3365dc23d99fd446caff8f1d6c330c"
  integrity sha1-KZ/mvUozZdwj2Z/URsr/jx1sMww=
  dependencies:
    ajv "^6.12.0"
    ajv-keywords "^3.4.1"

uri-js@^4.2.2:
  version "4.2.2"
  resolved "https://registry.npm.taobao.org/uri-js/download/uri-js-4.2.2.tgz#94c540e1ff772956e2299507c010aea6c8838eb0"
  integrity sha1-lMVA4f93KVbiKZUHwBCupsiDjrA=
  dependencies:
    punycode "^2.1.0"

webpack-chain@^6.4.0:
  version "6.4.0"
  resolved "https://registry.npm.taobao.org/webpack-chain/download/webpack-chain-6.4.0.tgz?cache=0&sync_timestamp=1580740708335&other_urls=https%3A%2F%2Fregistry.npm.taobao.org%2Fwebpack-chain%2Fdownload%2Fwebpack-chain-6.4.0.tgz#22f0b27b6a9bc9ee3cba4f9e6513cf66394034e2"
  integrity sha1-IvCye2qbye48uk+eZRPPZjlANOI=
  dependencies:
    deepmerge "^1.5.2"
    javascript-stringify "^2.0.1"
